
Microsoft Visual Studio Solution File, Format Version 12.00
# Visual Studio Version 17
VisualStudioVersion = 17.13.35825.156 d17.13
MinimumVisualStudioVersion = 10.0.40219.1
Project("{FAE04EC0-301F-11D3-BF4B-00C04F79EFBC}") = "JobPortal.API", "JobPortal.API\JobPortal.API.csproj", "{96A61C77-DE09-4BF8-B764-B14BEEE0E757}"
EndProject
Global
	GlobalSection(SolutionConfigurationPlatforms) = preSolution
		Debug|Any CPU = Debug|Any CPU
		Release|Any CPU = Release|Any CPU
	EndGlobalSection
	GlobalSection(ProjectConfigurationPlatforms) = postSolution
		{96A61C77-DE09-4BF8-B764-B14BEEE0E757}.Debug|Any CPU.ActiveCfg = Debug|Any CPU
		{96A61C77-DE09-4BF8-B764-B14BEEE0E757}.Debug|Any CPU.Build.0 = Debug|Any CPU
		{96A61C77-DE09-4BF8-B764-B14BEEE0E757}.Release|Any CPU.ActiveCfg = Release|Any CPU
		{96A61C77-DE09-4BF8-B764-B14BEEE0E757}.Release|Any CPU.Build.0 = Release|Any CPU
	EndGlobalSection
	GlobalSection(SolutionProperties) = preSolution
		HideSolutionNode = FALSE
	EndGlobalSection
	GlobalSection(ExtensibilityGlobals) = postSolution
		SolutionGuid = {7957A30B-1EBF-4595-B230-92147B82F9D4}
	EndGlobalSection
EndGlobal
